
Microsoft Visual Studio Solution File, Format Version 12.00
# Visual Studio Version 16
VisualStudioVersion = 16.0.31729.503
MinimumVisualStudioVersion = 10.0.40219.1
Project("{9A19103F-16F7-4668-BE54-9A1E7A4F7556}") = "VanServices", "VanServices\VanServices.csproj", "{A8BD5FC7-2514-40EA-933C-BBF8D9049151}"
EndProject
Global
	GlobalSection(SolutionConfigurationPlatforms) = preSolution
		Debug|Any CPU = Debug|Any CPU
		Release|Any CPU = Release|Any CPU
	EndGlobalSection
	GlobalSection(ProjectConfigurationPlatforms) = postSolution
		{A8BD5FC7-2514-40EA-933C-BBF8D9049151}.Debug|Any CPU.ActiveCfg = Debug|Any CPU
		{A8BD5FC7-2514-40EA-933C-BBF8D9049151}.Debug|Any CPU.Build.0 = Debug|Any CPU
		{A8BD5FC7-2514-40EA-933C-BBF8D9049151}.Release|Any CPU.ActiveCfg = Release|Any CPU
		{A8BD5FC7-2514-40EA-933C-BBF8D9049151}.Release|Any CPU.Build.0 = Release|Any CPU
	EndGlobalSection
	GlobalSection(SolutionProperties) = preSolution
		HideSolutionNode = FALSE
	EndGlobalSection
	GlobalSection(ExtensibilityGlobals) = postSolution
		SolutionGuid = {61B7B149-0B2A-437A-8FA3-774832DBC292}
	EndGlobalSection
EndGlobal
